# Generated by pub
# See https://www.dartlang.org/tools/pub/glossary#lockfile
packages:
  chewie:
    dependency: "direct main"
    description:
      name: chewie
      url: "https://pub.dartlang.org"
    source: hosted
    version: "0.9.6"
  collection:
    dependency: transitive
    description:
      name: collection
      url: "https://pub.dartlang.org"
    source: hosted
    version: "1.14.11"
  flutter:
    dependency: "direct main"
    description: flutter
    source: sdk
    version: "0.0.0"
  image_picker:
    dependency: "direct main"
    description:
      name: image_picker
      url: "https://pub.dartlang.org"
    source: hosted
    version: "0.5.0+3"
  meta:
    dependency: transitive
    description:
      name: meta
      url: "https://pub.dartlang.org"
    source: hosted
    version: "1.1.6"
  open_iconic_flutter:
    dependency: transitive
    description:
      name: open_iconic_flutter
      url: "https://pub.dartlang.org"
    source: hosted
    version: "0.3.0"
  path_provider:
    dependency: "direct main"
    description:
      name: path_provider
      url: "https://pub.dartlang.org"
    source: hosted
    version: "0.5.0+1"
  screen:
    dependency: transitive
    description:
      name: screen
      url: "https://pub.dartlang.org"
    source: hosted
    version: "0.0.4"
  sky_engine:
    dependency: transitive
    description: flutter
    source: sdk
    version: "0.0.99"
  typed_data:
    dependency: transitive
    description:
      name: typed_data
      url: "https://pub.dartlang.org"
    source: hosted
    version: "1.1.6"
  vector_math:
    dependency: transitive
    description:
      name: vector_math
      url: "https://pub.dartlang.org"
    source: hosted
    version: "2.0.8"
  video_player:
    dependency: transitive
    description:
      name: video_player
      url: "https://pub.dartlang.org"
    source: hosted
    version: "0.10.0+2"
sdks:
  dart: ">=2.1.0 <3.0.0"
  flutter: ">=0.2.5 <2.0.0"
